
Microsoft Visual Studio Solution File, Format Version 12.00
# Visual Studio 2015
Project("{FAE04EC0-301F-11D3-BF4B-00C04F79EFBC}") = "TSP Experiment.Plugins", "TSP Experiment.Plugins.csproj", "{A7082E8F-5321-58C9-F170-BB4592733F1D}"
EndProject
Project("{FAE04EC0-301F-11D3-BF4B-00C04F79EFBC}") = "TSP Experiment", "TSP Experiment.csproj", "{858CC79B-33A0-7D50-A595-FE97ABAF3C99}"
EndProject
Project("{FAE04EC0-301F-11D3-BF4B-00C04F79EFBC}") = "TSP Experiment.Editor.Plugins", "TSP Experiment.Editor.Plugins.csproj", "{7990A642-04F5-CE69-297F-F5A62D72A794}"
EndProject
Global
	GlobalSection(SolutionConfigurationPlatforms) = preSolution
		Debug|Any CPU = Debug|Any CPU
		Release|Any CPU = Release|Any CPU
	EndGlobalSection
	GlobalSection(ProjectConfigurationPlatforms) = postSolution
		{A7082E8F-5321-58C9-F170-BB4592733F1D}.Debug|Any CPU.ActiveCfg = Debug|Any CPU
		{A7082E8F-5321-58C9-F170-BB4592733F1D}.Debug|Any CPU.Build.0 = Debug|Any CPU
		{A7082E8F-5321-58C9-F170-BB4592733F1D}.Release|Any CPU.ActiveCfg = Release|Any CPU
		{A7082E8F-5321-58C9-F170-BB4592733F1D}.Release|Any CPU.Build.0 = Release|Any CPU
		{858CC79B-33A0-7D50-A595-FE97ABAF3C99}.Debug|Any CPU.ActiveCfg = Debug|Any CPU
		{858CC79B-33A0-7D50-A595-FE97ABAF3C99}.Debug|Any CPU.Build.0 = Debug|Any CPU
		{858CC79B-33A0-7D50-A595-FE97ABAF3C99}.Release|Any CPU.ActiveCfg = Release|Any CPU
		{858CC79B-33A0-7D50-A595-FE97ABAF3C99}.Release|Any CPU.Build.0 = Release|Any CPU
		{7990A642-04F5-CE69-297F-F5A62D72A794}.Debug|Any CPU.ActiveCfg = Debug|Any CPU
		{7990A642-04F5-CE69-297F-F5A62D72A794}.Debug|Any CPU.Build.0 = Debug|Any CPU
		{7990A642-04F5-CE69-297F-F5A62D72A794}.Release|Any CPU.ActiveCfg = Release|Any CPU
		{7990A642-04F5-CE69-297F-F5A62D72A794}.Release|Any CPU.Build.0 = Release|Any CPU
	EndGlobalSection
	GlobalSection(SolutionProperties) = preSolution
		HideSolutionNode = FALSE
	EndGlobalSection
EndGlobal
